{
  "name": "tree-sitter-lalrpop",
  "version": "1.0.0",
  "lockfileVersion": 2,
  "requires": true,
  "packages": {
    "": {
      "name": "tree-sitter-lalrpop",
      "version": "1.0.0",
      "license": "ISC",
      "dependencies": {
        "nan": "^2.15.0"
      },
      "devDependencies": {
        "tree-sitter-rust": "github:tree-sitter/tree-sitter-rust"
      }
    },
    "node_modules/nan": {
      "version": "2.15.0",
      "resolved": "https://registry.npmjs.org/nan/-/nan-2.15.0.tgz",
      "integrity": "sha512-8ZtvEnA2c5aYCZYd1cvgdnU6cqwixRoYg70xPLWUws5ORTa/lnw+u4amixRS/Ac5U5mQVgp9pnlSUnbNWFaWZQ=="
    },
    "node_modules/tree-sitter-rust": {
      "version": "0.20.1",
      "resolved": "git+ssh://git@github.com/tree-sitter/tree-sitter-rust.git#a250c4582510ff34767ec3b7dcdd3c24e8c8aa68",
      "dev": true,
      "license": "MIT",
      "dependencies": {
        "nan": "^2.14.0"
      }
    }
  },
  "dependencies": {
    "nan": {
      "version": "2.15.0",
      "resolved": "https://registry.npmjs.org/nan/-/nan-2.15.0.tgz",
      "integrity": "sha512-8ZtvEnA2c5aYCZYd1cvgdnU6cqwixRoYg70xPLWUws5ORTa/lnw+u4amixRS/Ac5U5mQVgp9pnlSUnbNWFaWZQ=="
    },
    "tree-sitter-rust": {
      "version": "git+ssh://git@github.com/tree-sitter/tree-sitter-rust.git#a250c4582510ff34767ec3b7dcdd3c24e8c8aa68",
      "dev": true,
      "from": "tree-sitter-rust@github:tree-sitter/tree-sitter-rust",
      "requires": {
        "nan": "^2.14.0"
      }
    }
  }
}
